// !$*UTF8*$!
{
	archiveVersion = 1;
	classes = {
	};
	objectVersion = 46;
	objects = {

/* Begin PBXBuildFile section */
		A78D9D401EBC95BB00E98419 /* AppDelegate.swift in Sources */ = {isa = PBXBuildFile; fileRef = A78D9D3F1EBC95BB00E98419 /* AppDelegate.swift */; };
		A78D9D421EBC95BB00E98419 /* ViewController.swift in Sources */ = {isa = PBXBuildFile; fileRef = A78D9D411EBC95BB00E98419 /* ViewController.swift */; };
		A78D9D451EBC95BB00E98419 /* Main.storyboard in Resources */ = {isa = PBXBuildFile; fileRef = A78D9D431EBC95BB00E98419 /* Main.storyboard */; };
		A78D9D481EBC95BB00E98419 /* PoToMo.xcdatamodeld in Sources */ = {isa = PBXBuildFile; fileRef = A78D9D461EBC95BB00E98419 /* PoToMo.xcdatamodeld */; };
		A78D9D4A1EBC95BB00E98419 /* Assets.xcassets in Resources */ = {isa = PBXBuildFile; fileRef = A78D9D491EBC95BB00E98419 /* Assets.xcassets */; };
		A78D9D4D1EBC95BB00E98419 /* LaunchScreen.storyboard in Resources */ = {isa = PBXBuildFile; fileRef = A78D9D4B1EBC95BB00E98419 /* LaunchScreen.storyboard */; };
/* End PBXBuildFile section */

/* Begin PBXFileReference section */
		A78D9D3C1EBC95BB00E98419 /* PoToMo.app */ = {isa = PBXFileReference; explicitFileType = wrapper.application; includeInIndex = 0; path = PoToMo.app; sourceTree = BUILT_PRODUCTS_DIR; };
		A78D9D3F1EBC95BB00E98419 /* AppDelegate.swift */ = {isa = PBXFileReference; lastKnownFileType = sourcecode.swift; path = AppDelegate.swift; sourceTree = "<group>"; };
		A78D9D411EBC95BB00E98419 /* ViewController.swift */ = {isa = PBXFileReference; lastKnownFileType = sourcecode.swift; path = ViewController.swift; sourceTree = "<group>"; };
		A78D9D441EBC95BB00E98419 /* Base */ = {isa = PBXFileReference; lastKnownFileType = file.storyboard; name = Base; path = Base.lproj/Main.storyboard; sourceTree = "<group>"; };
		A78D9D471EBC95BB00E98419 /* PoToMo.xcdatamodel */ = {isa = PBXFileReference; lastKnownFileType = wrapper.xcdatamodel; path = PoToMo.xcdatamodel; sourceTree = "<group>"; };
		A78D9D491EBC95BB00E98419 /* Assets.xcassets */ = {isa = PBXFileReference; lastKnownFileType = folder.assetcatalog; path = Assets.xcassets; sourceTree = "<group>"; };
		A78D9D4C1EBC95BB00E98419 /* Base */ = {isa = PBXFileReference; lastKnownFileType = file.storyboard; name = Base; path = Base.lproj/LaunchScreen.storyboard; sourceTree = "<group>"; };
		A78D9D4E1EBC95BB00E98419 /* Info.plist */ = {isa = PBXFileReference; lastKnownFileType = text.plist.xml; path = Info.plist; sourceTree = "<group>"; };
/* End PBXFileReference section */

/* Begin PBXFrameworksBuildPhase section */
		A78D9D391EBC95BB00E98419 /* Frameworks */ = {
			isa = PBXFrameworksBuildPhase;
			buildActionMask = 2147483647;
			files = (
			);
			runOnlyForDeploymentPostprocessing = 0;
		};
/* End PBXFrameworksBuildPhase section */

/* Begin PBXGroup section */
		A78D9D331EBC95BB00E98419 = {
			isa = PBXGroup;
			children = (
				A78D9D3E1EBC95BB00E98419 /* PoToMo */,
				A78D9D3D1EBC95BB00E98419 /* Products */,
			);
			sourceTree = "<group>";
		};
		A78D9D3D1EBC95BB00E98419 /* Products */ = {
			isa = PBXGroup;
			children = (
				A78D9D3C1EBC95BB00E98419 /* PoToMo.app */,
			);
			name = Products;
			sourceTree = "<group>";
		};
		A78D9D3E1EBC95BB00E98419 /* PoToMo */ = {
			isa = PBXGroup;
			children = (
				A78D9D3F1EBC95BB00E98419 /* AppDelegate.swift */,
				A78D9D411EBC95BB00E98419 /* ViewController.swift */,
				A78D9D431EBC95BB00E98419 /* Main.storyboard */,
				A78D9D491EBC95BB00E98419 /* Assets.xcassets */,
				A78D9D4B1EBC95BB00E98419 /* LaunchScreen.storyboard */,
				A78D9D4E1EBC95BB00E98419 /* Info.plist */,
				A78D9D461EBC95BB00E98419 /* PoToMo.xcdatamodeld */,
			);
			path = PoToMo;
			sourceTree = "<group>";
		};
/* End PBXGroup section */

/* Begin PBXNativeTarget section */
		A78D9D3B1EBC95BB00E98419 /* PoToMo */ = {
			isa = PBXNativeTarget;
			buildConfigurationList = A78D9D511EBC95BB00E98419 /* Build configuration list for PBXNativeTarget "PoToMo" */;
			buildPhases = (
				A78D9D381EBC95BB00E98419 /* Sources */,
				A78D9D391EBC95BB00E98419 /* Frameworks */,
				A78D9D3A1EBC95BB00E98419 /* Resources */,
			);
			buildRules = (
			);
			dependencies = (
			);
			name = PoToMo;
			productName = PoToMo;
			productReference = A78D9D3C1EBC95BB00E98419 /* PoToMo.app */;
			productType = "com.apple.product-type.application";
		};
/* End PBXNativeTarget section */

/* Begin PBXProject section */
		A78D9D341EBC95BB00E98419 /* Project object */ = {
			isa = PBXProject;
			attributes = {
				LastSwiftUpdateCheck = 0830;
				LastUpgradeCheck = 0830;
				ORGANIZATIONNAME = "Leonardo Di Nardo";
				TargetAttributes = {
					A78D9D3B1EBC95BB00E98419 = {
						CreatedOnToolsVersion = 8.3.2;
						DevelopmentTeam = X9X4JYW33S;
						ProvisioningStyle = Automatic;
					};
				};
			};
			buildConfigurationList = A78D9D371EBC95BB00E98419 /* Build configuration list for PBXProject "PoToMo" */;
			compatibilityVersion = "Xcode 3.2";
			developmentRegion = English;
			hasScannedForEncodings = 0;
			knownRegions = (
				en,
				Base,
			);
			mainGroup = A78D9D331EBC95BB00E98419;
			productRefGroup = A78D9D3D1EBC95BB00E98419 /* Products */;
			projectDirPath = "";
			projectRoot = "";
			targets = (
				A78D9D3B1EBC95BB00E98419 /* PoToMo */,
			);
		};
/* End PBXProject section */

/* Begin PBXResourcesBuildPhase section */
		A78D9D3A1EBC95BB00E98419 /* Resources */ = {
			isa = PBXResourcesBuildPhase;
			buildActionMask = 2147483647;
			files = (
				A78D9D4D1EBC95BB00E98419 /* LaunchScreen.storyboard in Resources */,
				A78D9D4A1EBC95BB00E98419 /* Assets.xcassets in Resources */,
				A78D9D451EBC95BB00E98419 /* Main.storyboard in Resources */,
			);
			runOnlyForDeploymentPostprocessing = 0;
		};
/* End PBXResourcesBuildPhase section */

/* Begin PBXSourcesBuildPhase section */
		A78D9D381EBC95BB00E98419 /* Sources */ = {
			isa = PBXSourcesBuildPhase;
			buildActionMask = 2147483647;
			files = (
				A78D9D481EBC95BB00E98419 /* PoToMo.xcdatamodeld in Sources */,
				A78D9D421EBC95BB00E98419 /* ViewController.swift in Sources */,
				A78D9D401EBC95BB00E98419 /* AppDelegate.swift in Sources */,
			);
			runOnlyForDeploymentPostprocessing = 0;
		};
/* End PBXSourcesBuildPhase section */

/* Begin PBXVariantGroup section */
		A78D9D431EBC95BB00E98419 /* Main.storyboard */ = {
			isa = PBXVariantGroup;
			children = (
				A78D9D441EBC95BB00E98419 /* Base */,
			);
			name = Main.storyboard;
			sourceTree = "<group>";
		};
		A78D9D4B1EBC95BB00E98419 /* LaunchScreen.storyboard */ = {
			isa = PBXVariantGroup;
			children = (
				A78D9D4C1EBC95BB00E98419 /* Base */,
			);
			name = LaunchScreen.storyboard;
			sourceTree = "<group>";
		};
/* End PBXVariantGroup section */

/* Begin XCBuildConfiguration section */
		A78D9D4F1EBC95BB00E98419 /* Debug */ = {
			isa = XCBuildConfiguration;
			buildSettings = {
				ALWAYS_SEARCH_USER_PATHS = NO;
				CLANG_ANALYZER_NONNULL = YES;
				CLANG_ANALYZER_NUMBER_OBJECT_CONVERSION = YES_AGGRESSIVE;
				CLANG_CXX_LANGUAGE_STANDARD = "gnu++0x";
				CLANG_CXX_LIBRARY = "libc++";
				CLANG_ENABLE_MODULES = YES;
				CLANG_ENABLE_OBJC_ARC = YES;
				CLANG_WARN_BOOL_CONVERSION = YES;
				CLANG_WARN_CONSTANT_CONVERSION = YES;
				CLANG_WARN_DIRECT_OBJC_ISA_USAGE = YES_ERROR;
				CLANG_WARN_DOCUMENTATION_COMMENTS = YES;
				CLANG_WARN_EMPTY_BODY = YES;
				CLANG_WARN_ENUM_CONVERSION = YES;
				CLANG_WARN_INFINITE_RECURSION = YES;
				CLANG_WARN_INT_CONVERSION = YES;
				CLANG_WARN_OBJC_ROOT_CLASS = YES_ERROR;
				CLANG_WARN_SUSPICIOUS_MOVE = YES;
				CLANG_WARN_UNREACHABLE_CODE = YES;
				CLANG_WARN__DUPLICATE_METHOD_MATCH = YES;
				"CODE_SIGN_IDENTITY[sdk=iphoneos*]" = "iPhone Developer";
				COPY_PHASE_STRIP = NO;
				DEBUG_INFORMATION_FORMAT = dwarf;
				ENABLE_STRICT_OBJC_MSGSEND = YES;
				ENABLE_TESTABILITY = YES;
				GCC_C_LANGUAGE_STANDARD = gnu99;
				GCC_DYNAMIC_NO_PIC = NO;
				GCC_NO_COMMON_BLOCKS = YES;
				GCC_OPTIMIZATION_LEVEL = 0;
				GCC_PREPROCESSOR_DEFINITIONS = (
					"DEBUG=1",
					"$(inherited)",
				);
				GCC_WARN_64_TO_32_BIT_CONVERSION = YES;
				GCC_WARN_ABOUT_RETURN_TYPE = YES_ERROR;
				GCC_WARN_UNDECLARED_SELECTOR = YES;
				GCC_WARN_UNINITIALIZED_AUTOS = YES_AGGRESSIVE;
				GCC_WARN_UNUSED_FUNCTION = YES;
				GCC_WARN_UNUSED_VARIABLE = YES;
				IPHONEOS_DEPLOYMENT_TARGET = 10.3;
				MTL_ENABLE_DEBUG_INFO = YES;
				ONLY_ACTIVE_ARCH = YES;
				SDKROOT = iphoneos;
				SWIFT_ACTIVE_COMPILATION_CONDITIONS = DEBUG;
				SWIFT_OPTIMIZATION_LEVEL = "-Onone";
				TARGETED_DEVICE_FAMILY = "1,2";
			};
			name = Debug;
		};
		A78D9D501EBC95BB00E98419 /* Release */ = {
			isa = XCBuildConfiguration;
			buildSettings = {
				ALWAYS_SEARCH_USER_PATHS = NO;
				CLANG_ANALYZER_NONNULL = YES;
				CLANG_ANALYZER_NUMBER_OBJECT_CONVERSION = YES_AGGRESSIVE;
				CLANG_CXX_LANGUAGE_STANDARD = "gnu++0x";
				CLANG_CXX_LIBRARY = "libc++";
				CLANG_ENABLE_MODULES = YES;
				CLANG_ENABLE_OBJC_ARC = YES;
				CLANG_WARN_BOOL_CONVERSION = YES;
				CLANG_WARN_CONSTANT_CONVERSION = YES;
				CLANG_WARN_DIRECT_OBJC_ISA_USAGE = YES_ERROR;
				CLANG_WARN_DOCUMENTATION_COMMENTS = YES;
				CLANG_WARN_EMPTY_BODY = YES;
				CLANG_WARN_ENUM_CONVERSION = YES;
				CLANG_WARN_INFINITE_RECURSION = YES;
				CLANG_WARN_INT_CONVERSION = YES;
				CLANG_WARN_OBJC_ROOT_CLASS = YES_ERROR;
				CLANG_WARN_SUSPICIOUS_MOVE = YES;
				CLANG_WARN_UNREACHABLE_CODE = YES;
				CLANG_WARN__DUPLICATE_METHOD_MATCH = YES;
				"CODE_SIGN_IDENTITY[sdk=iphoneos*]" = "iPhone Developer";
				COPY_PHASE_STRIP = NO;
				DEBUG_INFORMATION_FORMAT = "dwarf-with-dsym";
				ENABLE_NS_ASSERTIONS = NO;
				ENABLE_STRICT_OBJC_MSGSEND = YES;
				GCC_C_LANGUAGE_STANDARD = gnu99;
				GCC_NO_COMMON_BLOCKS = YES;
				GCC_WARN_64_TO_32_BIT_CONVERSION = YES;
				GCC_WARN_ABOUT_RETURN_TYPE = YES_ERROR;
				GCC_WARN_UNDECLARED_SELECTOR = YES;
				GCC_WARN_UNINITIALIZED_AUTOS = YES_AGGRESSIVE;
				GCC_WARN_UNUSED_FUNCTION = YES;
				GCC_WARN_UNUSED_VARIABLE = YES;
				IPHONEOS_DEPLOYMENT_TARGET = 10.3;
				MTL_ENABLE_DEBUG_INFO = NO;
				SDKROOT = iphoneos;
				SWIFT_OPTIMIZATION_LEVEL = "-Owholemodule";
				TARGETED_DEVICE_FAMILY = "1,2";
				VALIDATE_PRODUCT = YES;
			};
			name = Release;
		};
		A78D9D521EBC95BB00E98419 /* Debug */ = {
			isa = XCBuildConfiguration;
			buildSettings = {
				ASSETCATALOG_COMPILER_APPICON_NAME = AppIcon;
				DEVELOPMENT_TEAM = X9X4JYW33S;
				INFOPLIST_FILE = PoToMo/Info.plist;
				LD_RUNPATH_SEARCH_PATHS = "$(inherited) @executable_path/Frameworks";
				PRODUCT_BUNDLE_IDENTIFIER = com.leonardodinardo.PoToMo;
				PRODUCT_NAME = "$(TARGET_NAME)";
				SWIFT_VERSION = 3.0;
			};
			name = Debug;
		};
		A78D9D531EBC95BB00E98419 /* Release */ = {
			isa = XCBuildConfiguration;
			buildSettings = {
				ASSETCATALOG_COMPILER_APPICON_NAME = AppIcon;
				DEVELOPMENT_TEAM = X9X4JYW33S;
				INFOPLIST_FILE = PoToMo/Info.plist;
				LD_RUNPATH_SEARCH_PATHS = "$(inherited) @executable_path/Frameworks";
				PRODUCT_BUNDLE_IDENTIFIER = com.leonardodinardo.PoToMo;
				PRODUCT_NAME = "$(TARGET_NAME)";
				SWIFT_VERSION = 3.0;
			};
			name = Release;
		};
/* End XCBuildConfiguration section */

/* Begin XCConfigurationList section */
		A78D9D371EBC95BB00E98419 /* Build configuration list for PBXProject "PoToMo" */ = {
			isa = XCConfigurationList;
			buildConfigurations = (
				A78D9D4F1EBC95BB00E98419 /* Debug */,
				A78D9D501EBC95BB00E98419 /* Release */,
			);
			defaultConfigurationIsVisible = 0;
			defaultConfigurationName = Release;
		};
		A78D9D511EBC95BB00E98419 /* Build configuration list for PBXNativeTarget "PoToMo" */ = {
			isa = XCConfigurationList;
			buildConfigurations = (
				A78D9D521EBC95BB00E98419 /* Debug */,
				A78D9D531EBC95BB00E98419 /* Release */,
			);
			defaultConfigurationIsVisible = 0;
		};
/* End XCConfigurationList section */

/* Begin XCVersionGroup section */
		A78D9D461EBC95BB00E98419 /* PoToMo.xcdatamodeld */ = {
			isa = XCVersionGroup;
			children = (
				A78D9D471EBC95BB00E98419 /* PoToMo.xcdatamodel */,
			);
			currentVersion = A78D9D471EBC95BB00E98419 /* PoToMo.xcdatamodel */;
			path = PoToMo.xcdatamodeld;
			sourceTree = "<group>";
			versionGroupType = wrapper.xcdatamodel;
		};
/* End XCVersionGroup section */
	};
	rootObject = A78D9D341EBC95BB00E98419 /* Project object */;
}
